// !$*UTF8*$!
{
	archiveVersion = 1;
	classes = {
	};
	objectVersion = 46;
	objects = {

/* Begin PBXBuildFile section */
		B003A13F1C2B434C0071E60A /* main.m in Sources */ = {isa = PBXBuildFile; fileRef = B003A13E1C2B434C0071E60A /* main.m */; };
		B003A1421C2B434C0071E60A /* AppDelegate.m in Sources */ = {isa = PBXBuildFile; fileRef = B003A1411C2B434C0071E60A /* AppDelegate.m */; };
		B003A1451C2B434C0071E60A /* Start.m in Sources */ = {isa = PBXBuildFile; fileRef = B003A1441C2B434C0071E60A /* Start.m */; };
		B003A1481C2B434C0071E60A /* Main.storyboard in Resources */ = {isa = PBXBuildFile; fileRef = B003A1461C2B434C0071E60A /* Main.storyboard */; };
		B003A14B1C2B434C0071E60A /* PayPal_Manual.xcdatamodeld in Sources */ = {isa = PBXBuildFile; fileRef = B003A1491C2B434C0071E60A /* PayPal_Manual.xcdatamodeld */; };
		B003A14D1C2B434C0071E60A /* Assets.xcassets in Resources */ = {isa = PBXBuildFile; fileRef = B003A14C1C2B434C0071E60A /* Assets.xcassets */; };
		B003A1501C2B434C0071E60A /* LaunchScreen.storyboard in Resources */ = {isa = PBXBuildFile; fileRef = B003A14E1C2B434C0071E60A /* LaunchScreen.storyboard */; };
		B003A16E1C2B453D0071E60A /* libCardIO.a in Frameworks */ = {isa = PBXBuildFile; fileRef = B003A1621C2B453D0071E60A /* libCardIO.a */; };
		B003A16F1C2B453D0071E60A /* libopencv_core.a in Frameworks */ = {isa = PBXBuildFile; fileRef = B003A1631C2B453D0071E60A /* libopencv_core.a */; };
		B003A1701C2B453D0071E60A /* libopencv_imgproc.a in Frameworks */ = {isa = PBXBuildFile; fileRef = B003A1641C2B453D0071E60A /* libopencv_imgproc.a */; };
		B003A1711C2B453D0071E60A /* libPayPalMobile.a in Frameworks */ = {isa = PBXBuildFile; fileRef = B003A1661C2B453D0071E60A /* libPayPalMobile.a */; };
		B003A1771C2B462D0071E60A /* Accelerate.framework in Frameworks */ = {isa = PBXBuildFile; fileRef = B003A1721C2B462D0071E60A /* Accelerate.framework */; };
		B003A1781C2B462D0071E60A /* AudioToolbox.framework in Frameworks */ = {isa = PBXBuildFile; fileRef = B003A1731C2B462D0071E60A /* AudioToolbox.framework */; };
		B003A1791C2B462D0071E60A /* AVFoundation.framework in Frameworks */ = {isa = PBXBuildFile; fileRef = B003A1741C2B462D0071E60A /* AVFoundation.framework */; };
		B003A17A1C2B462D0071E60A /* CoreLocation.framework in Frameworks */ = {isa = PBXBuildFile; fileRef = B003A1751C2B462D0071E60A /* CoreLocation.framework */; };
		B003A17B1C2B462D0071E60A /* CoreMedia.framework in Frameworks */ = {isa = PBXBuildFile; fileRef = B003A1761C2B462D0071E60A /* CoreMedia.framework */; };
		B003A17E1C2B464C0071E60A /* MessageUI.framework in Frameworks */ = {isa = PBXBuildFile; fileRef = B003A17C1C2B464C0071E60A /* MessageUI.framework */; };
		B003A17F1C2B464C0071E60A /* MobileCoreServices.framework in Frameworks */ = {isa = PBXBuildFile; fileRef = B003A17D1C2B464C0071E60A /* MobileCoreServices.framework */; };
		B003A1821C2B465E0071E60A /* SafariServices.framework in Frameworks */ = {isa = PBXBuildFile; fileRef = B003A1801C2B465E0071E60A /* SafariServices.framework */; };
		B003A1831C2B465E0071E60A /* SystemConfiguration.framework in Frameworks */ = {isa = PBXBuildFile; fileRef = B003A1811C2B465E0071E60A /* SystemConfiguration.framework */; };
/* End PBXBuildFile section */

/* Begin PBXFileReference section */
		B003A13A1C2B434C0071E60A /* PayPal Manual.app */ = {isa = PBXFileReference; explicitFileType = wrapper.application; includeInIndex = 0; path = "PayPal Manual.app"; sourceTree = BUILT_PRODUCTS_DIR; };
		B003A13E1C2B434C0071E60A /* main.m */ = {isa = PBXFileReference; lastKnownFileType = sourcecode.c.objc; path = main.m; sourceTree = "<group>"; };
		B003A1401C2B434C0071E60A /* AppDelegate.h */ = {isa = PBXFileReference; lastKnownFileType = sourcecode.c.h; name = AppDelegate.h; path = "PayPal Manual/AppDelegate.h"; sourceTree = "<group>"; };
		B003A1411C2B434C0071E60A /* AppDelegate.m */ = {isa = PBXFileReference; lastKnownFileType = sourcecode.c.objc; name = AppDelegate.m; path = "PayPal Manual/AppDelegate.m"; sourceTree = "<group>"; };
		B003A1431C2B434C0071E60A /* Start.h */ = {isa = PBXFileReference; lastKnownFileType = sourcecode.c.h; name = Start.h; path = "PayPal Manual/Start.h"; sourceTree = "<group>"; };
		B003A1441C2B434C0071E60A /* Start.m */ = {isa = PBXFileReference; lastKnownFileType = sourcecode.c.objc; name = Start.m; path = "PayPal Manual/Start.m"; sourceTree = "<group>"; };
		B003A1471C2B434C0071E60A /* Base */ = {isa = PBXFileReference; lastKnownFileType = file.storyboard; name = Base; path = Base.lproj/Main.storyboard; sourceTree = "<group>"; };
		B003A14A1C2B434C0071E60A /* PayPal_Manual.xcdatamodel */ = {isa = PBXFileReference; lastKnownFileType = wrapper.xcdatamodel; path = PayPal_Manual.xcdatamodel; sourceTree = "<group>"; };
		B003A14C1C2B434C0071E60A /* Assets.xcassets */ = {isa = PBXFileReference; lastKnownFileType = folder.assetcatalog; path = Assets.xcassets; sourceTree = "<group>"; };
		B003A14F1C2B434C0071E60A /* Base */ = {isa = PBXFileReference; lastKnownFileType = file.storyboard; name = Base; path = Base.lproj/LaunchScreen.storyboard; sourceTree = "<group>"; };
		B003A1511C2B434C0071E60A /* Info.plist */ = {isa = PBXFileReference; lastKnownFileType = text.plist.xml; path = Info.plist; sourceTree = "<group>"; };
		B003A15A1C2B453D0071E60A /* CardIO.h */ = {isa = PBXFileReference; fileEncoding = 4; lastKnownFileType = sourcecode.c.h; path = CardIO.h; sourceTree = "<group>"; };
		B003A15B1C2B453D0071E60A /* CardIOCreditCardInfo.h */ = {isa = PBXFileReference; fileEncoding = 4; lastKnownFileType = sourcecode.c.h; path = CardIOCreditCardInfo.h; sourceTree = "<group>"; };
		B003A15C1C2B453D0071E60A /* CardIODetectionMode.h */ = {isa = PBXFileReference; fileEncoding = 4; lastKnownFileType = sourcecode.c.h; path = CardIODetectionMode.h; sourceTree = "<group>"; };
		B003A15D1C2B453D0071E60A /* CardIOPaymentViewController.h */ = {isa = PBXFileReference; fileEncoding = 4; lastKnownFileType = sourcecode.c.h; path = CardIOPaymentViewController.h; sourceTree = "<group>"; };
		B003A15E1C2B453D0071E60A /* CardIOPaymentViewControllerDelegate.h */ = {isa = PBXFileReference; fileEncoding = 4; lastKnownFileType = sourcecode.c.h; path = CardIOPaymentViewControllerDelegate.h; sourceTree = "<group>"; };
		B003A15F1C2B453D0071E60A /* CardIOUtilities.h */ = {isa = PBXFileReference; fileEncoding = 4; lastKnownFileType = sourcecode.c.h; path = CardIOUtilities.h; sourceTree = "<group>"; };
		B003A1601C2B453D0071E60A /* CardIOView.h */ = {isa = PBXFileReference; fileEncoding = 4; lastKnownFileType = sourcecode.c.h; path = CardIOView.h; sourceTree = "<group>"; };
		B003A1611C2B453D0071E60A /* CardIOViewDelegate.h */ = {isa = PBXFileReference; fileEncoding = 4; lastKnownFileType = sourcecode.c.h; path = CardIOViewDelegate.h; sourceTree = "<group>"; };
		B003A1621C2B453D0071E60A /* libCardIO.a */ = {isa = PBXFileReference; lastKnownFileType = archive.ar; path = libCardIO.a; sourceTree = "<group>"; };
		B003A1631C2B453D0071E60A /* libopencv_core.a */ = {isa = PBXFileReference; lastKnownFileType = archive.ar; path = libopencv_core.a; sourceTree = "<group>"; };
		B003A1641C2B453D0071E60A /* libopencv_imgproc.a */ = {isa = PBXFileReference; lastKnownFileType = archive.ar; path = libopencv_imgproc.a; sourceTree = "<group>"; };
		B003A1661C2B453D0071E60A /* libPayPalMobile.a */ = {isa = PBXFileReference; lastKnownFileType = archive.ar; path = libPayPalMobile.a; sourceTree = "<group>"; };
		B003A1671C2B453D0071E60A /* PayPalConfiguration.h */ = {isa = PBXFileReference; fileEncoding = 4; lastKnownFileType = sourcecode.c.h; path = PayPalConfiguration.h; sourceTree = "<group>"; };
		B003A1681C2B453D0071E60A /* PayPalFuturePaymentViewController.h */ = {isa = PBXFileReference; fileEncoding = 4; lastKnownFileType = sourcecode.c.h; path = PayPalFuturePaymentViewController.h; sourceTree = "<group>"; };
		B003A1691C2B453D0071E60A /* PayPalMobile.h */ = {isa = PBXFileReference; fileEncoding = 4; lastKnownFileType = sourcecode.c.h; path = PayPalMobile.h; sourceTree = "<group>"; };
		B003A16A1C2B453D0071E60A /* PayPalOAuthScopes.h */ = {isa = PBXFileReference; fileEncoding = 4; lastKnownFileType = sourcecode.c.h; path = PayPalOAuthScopes.h; sourceTree = "<group>"; };
		B003A16B1C2B453D0071E60A /* PayPalPayment.h */ = {isa = PBXFileReference; fileEncoding = 4; lastKnownFileType = sourcecode.c.h; path = PayPalPayment.h; sourceTree = "<group>"; };
		B003A16C1C2B453D0071E60A /* PayPalPaymentViewController.h */ = {isa = PBXFileReference; fileEncoding = 4; lastKnownFileType = sourcecode.c.h; path = PayPalPaymentViewController.h; sourceTree = "<group>"; };
		B003A16D1C2B453D0071E60A /* PayPalProfileSharingViewController.h */ = {isa = PBXFileReference; fileEncoding = 4; lastKnownFileType = sourcecode.c.h; path = PayPalProfileSharingViewController.h; sourceTree = "<group>"; };
		B003A1721C2B462D0071E60A /* Accelerate.framework */ = {isa = PBXFileReference; lastKnownFileType = wrapper.framework; name = Accelerate.framework; path = System/Library/Frameworks/Accelerate.framework; sourceTree = SDKROOT; };
		B003A1731C2B462D0071E60A /* AudioToolbox.framework */ = {isa = PBXFileReference; lastKnownFileType = wrapper.framework; name = AudioToolbox.framework; path = System/Library/Frameworks/AudioToolbox.framework; sourceTree = SDKROOT; };
		B003A1741C2B462D0071E60A /* AVFoundation.framework */ = {isa = PBXFileReference; lastKnownFileType = wrapper.framework; name = AVFoundation.framework; path = System/Library/Frameworks/AVFoundation.framework; sourceTree = SDKROOT; };
		B003A1751C2B462D0071E60A /* CoreLocation.framework */ = {isa = PBXFileReference; lastKnownFileType = wrapper.framework; name = CoreLocation.framework; path = System/Library/Frameworks/CoreLocation.framework; sourceTree = SDKROOT; };
		B003A1761C2B462D0071E60A /* CoreMedia.framework */ = {isa = PBXFileReference; lastKnownFileType = wrapper.framework; name = CoreMedia.framework; path = System/Library/Frameworks/CoreMedia.framework; sourceTree = SDKROOT; };
		B003A17C1C2B464C0071E60A /* MessageUI.framework */ = {isa = PBXFileReference; lastKnownFileType = wrapper.framework; name = MessageUI.framework; path = System/Library/Frameworks/MessageUI.framework; sourceTree = SDKROOT; };
		B003A17D1C2B464C0071E60A /* MobileCoreServices.framework */ = {isa = PBXFileReference; lastKnownFileType = wrapper.framework; name = MobileCoreServices.framework; path = System/Library/Frameworks/MobileCoreServices.framework; sourceTree = SDKROOT; };
		B003A1801C2B465E0071E60A /* SafariServices.framework */ = {isa = PBXFileReference; lastKnownFileType = wrapper.framework; name = SafariServices.framework; path = System/Library/Frameworks/SafariServices.framework; sourceTree = SDKROOT; };
		B003A1811C2B465E0071E60A /* SystemConfiguration.framework */ = {isa = PBXFileReference; lastKnownFileType = wrapper.framework; name = SystemConfiguration.framework; path = System/Library/Frameworks/SystemConfiguration.framework; sourceTree = SDKROOT; };
/* End PBXFileReference section */

/* Begin PBXFrameworksBuildPhase section */
		B003A1371C2B434C0071E60A /* Frameworks */ = {
			isa = PBXFrameworksBuildPhase;
			buildActionMask = 2147483647;
			files = (
				B003A1821C2B465E0071E60A /* SafariServices.framework in Frameworks */,
				B003A1831C2B465E0071E60A /* SystemConfiguration.framework in Frameworks */,
				B003A17E1C2B464C0071E60A /* MessageUI.framework in Frameworks */,
				B003A17F1C2B464C0071E60A /* MobileCoreServices.framework in Frameworks */,
				B003A1771C2B462D0071E60A /* Accelerate.framework in Frameworks */,
				B003A1781C2B462D0071E60A /* AudioToolbox.framework in Frameworks */,
				B003A1791C2B462D0071E60A /* AVFoundation.framework in Frameworks */,
				B003A17A1C2B462D0071E60A /* CoreLocation.framework in Frameworks */,
				B003A17B1C2B462D0071E60A /* CoreMedia.framework in Frameworks */,
				B003A16E1C2B453D0071E60A /* libCardIO.a in Frameworks */,
				B003A16F1C2B453D0071E60A /* libopencv_core.a in Frameworks */,
				B003A1711C2B453D0071E60A /* libPayPalMobile.a in Frameworks */,
				B003A1701C2B453D0071E60A /* libopencv_imgproc.a in Frameworks */,
			);
			runOnlyForDeploymentPostprocessing = 0;
		};
/* End PBXFrameworksBuildPhase section */

/* Begin PBXGroup section */
		B003A1311C2B434C0071E60A = {
			isa = PBXGroup;
			children = (
				B003A1801C2B465E0071E60A /* SafariServices.framework */,
				B003A1811C2B465E0071E60A /* SystemConfiguration.framework */,
				B003A17C1C2B464C0071E60A /* MessageUI.framework */,
				B003A17D1C2B464C0071E60A /* MobileCoreServices.framework */,
				B003A1721C2B462D0071E60A /* Accelerate.framework */,
				B003A1731C2B462D0071E60A /* AudioToolbox.framework */,
				B003A1741C2B462D0071E60A /* AVFoundation.framework */,
				B003A1751C2B462D0071E60A /* CoreLocation.framework */,
				B003A1761C2B462D0071E60A /* CoreMedia.framework */,
				B003A13C1C2B434C0071E60A /* PayPal Manual */,
				B003A13B1C2B434C0071E60A /* Products */,
			);
			sourceTree = "<group>";
		};
		B003A13B1C2B434C0071E60A /* Products */ = {
			isa = PBXGroup;
			children = (
				B003A13A1C2B434C0071E60A /* PayPal Manual.app */,
			);
			name = Products;
			sourceTree = "<group>";
		};
		B003A13C1C2B434C0071E60A /* PayPal Manual */ = {
			isa = PBXGroup;
			children = (
				B003A1591C2B453D0071E60A /* CardIO */,
				B003A1651C2B453D0071E60A /* PayPalMobile */,
				B003A1571C2B439D0071E60A /* main */,
				B003A1581C2B43AA0071E60A /* controllers */,
				B003A1461C2B434C0071E60A /* Main.storyboard */,
				B003A14C1C2B434C0071E60A /* Assets.xcassets */,
				B003A14E1C2B434C0071E60A /* LaunchScreen.storyboard */,
				B003A1511C2B434C0071E60A /* Info.plist */,
				B003A1491C2B434C0071E60A /* PayPal_Manual.xcdatamodeld */,
				B003A13D1C2B434C0071E60A /* Supporting Files */,
			);
			path = "PayPal Manual";
			sourceTree = "<group>";
		};
		B003A13D1C2B434C0071E60A /* Supporting Files */ = {
			isa = PBXGroup;
			children = (
				B003A13E1C2B434C0071E60A /* main.m */,
			);
			name = "Supporting Files";
			sourceTree = "<group>";
		};
		B003A1571C2B439D0071E60A /* main */ = {
			isa = PBXGroup;
			children = (
				B003A1401C2B434C0071E60A /* AppDelegate.h */,
				B003A1411C2B434C0071E60A /* AppDelegate.m */,
			);
			name = main;
			path = ..;
			sourceTree = "<group>";
		};
		B003A1581C2B43AA0071E60A /* controllers */ = {
			isa = PBXGroup;
			children = (
				B003A1431C2B434C0071E60A /* Start.h */,
				B003A1441C2B434C0071E60A /* Start.m */,
			);
			name = controllers;
			path = ..;
			sourceTree = "<group>";
		};
		B003A1591C2B453D0071E60A /* CardIO */ = {
			isa = PBXGroup;
			children = (
				B003A15A1C2B453D0071E60A /* CardIO.h */,
				B003A15B1C2B453D0071E60A /* CardIOCreditCardInfo.h */,
				B003A15C1C2B453D0071E60A /* CardIODetectionMode.h */,
				B003A15D1C2B453D0071E60A /* CardIOPaymentViewController.h */,
				B003A15E1C2B453D0071E60A /* CardIOPaymentViewControllerDelegate.h */,
				B003A15F1C2B453D0071E60A /* CardIOUtilities.h */,
				B003A1601C2B453D0071E60A /* CardIOView.h */,
				B003A1611C2B453D0071E60A /* CardIOViewDelegate.h */,
				B003A1621C2B453D0071E60A /* libCardIO.a */,
				B003A1631C2B453D0071E60A /* libopencv_core.a */,
				B003A1641C2B453D0071E60A /* libopencv_imgproc.a */,
			);
			path = CardIO;
			sourceTree = "<group>";
		};
		B003A1651C2B453D0071E60A /* PayPalMobile */ = {
			isa = PBXGroup;
			children = (
				B003A1661C2B453D0071E60A /* libPayPalMobile.a */,
				B003A1671C2B453D0071E60A /* PayPalConfiguration.h */,
				B003A1681C2B453D0071E60A /* PayPalFuturePaymentViewController.h */,
				B003A1691C2B453D0071E60A /* PayPalMobile.h */,
				B003A16A1C2B453D0071E60A /* PayPalOAuthScopes.h */,
				B003A16B1C2B453D0071E60A /* PayPalPayment.h */,
				B003A16C1C2B453D0071E60A /* PayPalPaymentViewController.h */,
				B003A16D1C2B453D0071E60A /* PayPalProfileSharingViewController.h */,
			);
			path = PayPalMobile;
			sourceTree = "<group>";
		};
/* End PBXGroup section */

/* Begin PBXNativeTarget section */
		B003A1391C2B434C0071E60A /* PayPal Manual */ = {
			isa = PBXNativeTarget;
			buildConfigurationList = B003A1541C2B434C0071E60A /* Build configuration list for PBXNativeTarget "PayPal Manual" */;
			buildPhases = (
				B003A1361C2B434C0071E60A /* Sources */,
				B003A1371C2B434C0071E60A /* Frameworks */,
				B003A1381C2B434C0071E60A /* Resources */,
			);
			buildRules = (
			);
			dependencies = (
			);
			name = "PayPal Manual";
			productName = "PayPal Manual";
			productReference = B003A13A1C2B434C0071E60A /* PayPal Manual.app */;
			productType = "com.apple.product-type.application";
		};
/* End PBXNativeTarget section */

/* Begin PBXProject section */
		B003A1321C2B434C0071E60A /* Project object */ = {
			isa = PBXProject;
			attributes = {
				LastUpgradeCheck = 0720;
				ORGANIZATIONNAME = alebautista;
				TargetAttributes = {
					B003A1391C2B434C0071E60A = {
						CreatedOnToolsVersion = 7.2;
					};
				};
			};
			buildConfigurationList = B003A1351C2B434C0071E60A /* Build configuration list for PBXProject "PayPal Manual" */;
			compatibilityVersion = "Xcode 3.2";
			developmentRegion = English;
			hasScannedForEncodings = 0;
			knownRegions = (
				en,
				Base,
			);
			mainGroup = B003A1311C2B434C0071E60A;
			productRefGroup = B003A13B1C2B434C0071E60A /* Products */;
			projectDirPath = "";
			projectRoot = "";
			targets = (
				B003A1391C2B434C0071E60A /* PayPal Manual */,
			);
		};
/* End PBXProject section */

/* Begin PBXResourcesBuildPhase section */
		B003A1381C2B434C0071E60A /* Resources */ = {
			isa = PBXResourcesBuildPhase;
			buildActionMask = 2147483647;
			files = (
				B003A1501C2B434C0071E60A /* LaunchScreen.storyboard in Resources */,
				B003A14D1C2B434C0071E60A /* Assets.xcassets in Resources */,
				B003A1481C2B434C0071E60A /* Main.storyboard in Resources */,
			);
			runOnlyForDeploymentPostprocessing = 0;
		};
/* End PBXResourcesBuildPhase section */

/* Begin PBXSourcesBuildPhase section */
		B003A1361C2B434C0071E60A /* Sources */ = {
			isa = PBXSourcesBuildPhase;
			buildActionMask = 2147483647;
			files = (
				B003A1451C2B434C0071E60A /* Start.m in Sources */,
				B003A1421C2B434C0071E60A /* AppDelegate.m in Sources */,
				B003A14B1C2B434C0071E60A /* PayPal_Manual.xcdatamodeld in Sources */,
				B003A13F1C2B434C0071E60A /* main.m in Sources */,
			);
			runOnlyForDeploymentPostprocessing = 0;
		};
/* End PBXSourcesBuildPhase section */

/* Begin PBXVariantGroup section */
		B003A1461C2B434C0071E60A /* Main.storyboard */ = {
			isa = PBXVariantGroup;
			children = (
				B003A1471C2B434C0071E60A /* Base */,
			);
			name = Main.storyboard;
			sourceTree = "<group>";
		};
		B003A14E1C2B434C0071E60A /* LaunchScreen.storyboard */ = {
			isa = PBXVariantGroup;
			children = (
				B003A14F1C2B434C0071E60A /* Base */,
			);
			name = LaunchScreen.storyboard;
			sourceTree = "<group>";
		};
/* End PBXVariantGroup section */

/* Begin XCBuildConfiguration section */
		B003A1521C2B434C0071E60A /* Debug */ = {
			isa = XCBuildConfiguration;
			buildSettings = {
				ALWAYS_SEARCH_USER_PATHS = NO;
				CLANG_CXX_LANGUAGE_STANDARD = "gnu++0x";
				CLANG_CXX_LIBRARY = "libc++";
				CLANG_ENABLE_MODULES = YES;
				CLANG_ENABLE_OBJC_ARC = YES;
				CLANG_WARN_BOOL_CONVERSION = YES;
				CLANG_WARN_CONSTANT_CONVERSION = YES;
				CLANG_WARN_DIRECT_OBJC_ISA_USAGE = YES_ERROR;
				CLANG_WARN_EMPTY_BODY = YES;
				CLANG_WARN_ENUM_CONVERSION = YES;
				CLANG_WARN_INT_CONVERSION = YES;
				CLANG_WARN_OBJC_ROOT_CLASS = YES_ERROR;
				CLANG_WARN_UNREACHABLE_CODE = YES;
				CLANG_WARN__DUPLICATE_METHOD_MATCH = YES;
				"CODE_SIGN_IDENTITY[sdk=iphoneos*]" = "iPhone Developer";
				COPY_PHASE_STRIP = NO;
				DEBUG_INFORMATION_FORMAT = dwarf;
				ENABLE_STRICT_OBJC_MSGSEND = YES;
				ENABLE_TESTABILITY = YES;
				GCC_C_LANGUAGE_STANDARD = gnu99;
				GCC_DYNAMIC_NO_PIC = NO;
				GCC_NO_COMMON_BLOCKS = YES;
				GCC_OPTIMIZATION_LEVEL = 0;
				GCC_PREPROCESSOR_DEFINITIONS = (
					"DEBUG=1",
					"$(inherited)",
				);
				GCC_WARN_64_TO_32_BIT_CONVERSION = YES;
				GCC_WARN_ABOUT_RETURN_TYPE = YES_ERROR;
				GCC_WARN_UNDECLARED_SELECTOR = YES;
				GCC_WARN_UNINITIALIZED_AUTOS = YES_AGGRESSIVE;
				GCC_WARN_UNUSED_FUNCTION = YES;
				GCC_WARN_UNUSED_VARIABLE = YES;
				IPHONEOS_DEPLOYMENT_TARGET = 9.2;
				MTL_ENABLE_DEBUG_INFO = YES;
				ONLY_ACTIVE_ARCH = YES;
				SDKROOT = iphoneos;
			};
			name = Debug;
		};
		B003A1531C2B434C0071E60A /* Release */ = {
			isa = XCBuildConfiguration;
			buildSettings = {
				ALWAYS_SEARCH_USER_PATHS = NO;
				CLANG_CXX_LANGUAGE_STANDARD = "gnu++0x";
				CLANG_CXX_LIBRARY = "libc++";
				CLANG_ENABLE_MODULES = YES;
				CLANG_ENABLE_OBJC_ARC = YES;
				CLANG_WARN_BOOL_CONVERSION = YES;
				CLANG_WARN_CONSTANT_CONVERSION = YES;
				CLANG_WARN_DIRECT_OBJC_ISA_USAGE = YES_ERROR;
				CLANG_WARN_EMPTY_BODY = YES;
				CLANG_WARN_ENUM_CONVERSION = YES;
				CLANG_WARN_INT_CONVERSION = YES;
				CLANG_WARN_OBJC_ROOT_CLASS = YES_ERROR;
				CLANG_WARN_UNREACHABLE_CODE = YES;
				CLANG_WARN__DUPLICATE_METHOD_MATCH = YES;
				"CODE_SIGN_IDENTITY[sdk=iphoneos*]" = "iPhone Developer";
				COPY_PHASE_STRIP = NO;
				DEBUG_INFORMATION_FORMAT = "dwarf-with-dsym";
				ENABLE_NS_ASSERTIONS = NO;
				ENABLE_STRICT_OBJC_MSGSEND = YES;
				GCC_C_LANGUAGE_STANDARD = gnu99;
				GCC_NO_COMMON_BLOCKS = YES;
				GCC_WARN_64_TO_32_BIT_CONVERSION = YES;
				GCC_WARN_ABOUT_RETURN_TYPE = YES_ERROR;
				GCC_WARN_UNDECLARED_SELECTOR = YES;
				GCC_WARN_UNINITIALIZED_AUTOS = YES_AGGRESSIVE;
				GCC_WARN_UNUSED_FUNCTION = YES;
				GCC_WARN_UNUSED_VARIABLE = YES;
				IPHONEOS_DEPLOYMENT_TARGET = 9.2;
				MTL_ENABLE_DEBUG_INFO = NO;
				SDKROOT = iphoneos;
				VALIDATE_PRODUCT = YES;
			};
			name = Release;
		};
		B003A1551C2B434C0071E60A /* Debug */ = {
			isa = XCBuildConfiguration;
			buildSettings = {
				ASSETCATALOG_COMPILER_APPICON_NAME = AppIcon;
				INFOPLIST_FILE = "PayPal Manual/Info.plist";
				LD_RUNPATH_SEARCH_PATHS = "$(inherited) @executable_path/Frameworks";
				LIBRARY_SEARCH_PATHS = (
					"$(inherited)",
					"$(PROJECT_DIR)/PayPal",
					Manual/CardIO,
					"$(PROJECT_DIR)/PayPal",
					Manual/PayPalMobile,
				);
				OTHER_LDFLAGS = (
					"-lc++",
					"-ObjC",
				);
				PRODUCT_BUNDLE_IDENTIFIER = "com.alebautista.PayPal-Manual";
				PRODUCT_NAME = "$(TARGET_NAME)";
			};
			name = Debug;
		};
		B003A1561C2B434C0071E60A /* Release */ = {
			isa = XCBuildConfiguration;
			buildSettings = {
				ASSETCATALOG_COMPILER_APPICON_NAME = AppIcon;
				INFOPLIST_FILE = "PayPal Manual/Info.plist";
				LD_RUNPATH_SEARCH_PATHS = "$(inherited) @executable_path/Frameworks";
				LIBRARY_SEARCH_PATHS = (
					"$(inherited)",
					"$(PROJECT_DIR)/PayPal",
					Manual/CardIO,
					"$(PROJECT_DIR)/PayPal",
					Manual/PayPalMobile,
				);
				OTHER_LDFLAGS = (
					"-lc++",
					"-ObjC",
				);
				PRODUCT_BUNDLE_IDENTIFIER = "com.alebautista.PayPal-Manual";
				PRODUCT_NAME = "$(TARGET_NAME)";
			};
			name = Release;
		};
/* End XCBuildConfiguration section */

/* Begin XCConfigurationList section */
		B003A1351C2B434C0071E60A /* Build configuration list for PBXProject "PayPal Manual" */ = {
			isa = XCConfigurationList;
			buildConfigurations = (
				B003A1521C2B434C0071E60A /* Debug */,
				B003A1531C2B434C0071E60A /* Release */,
			);
			defaultConfigurationIsVisible = 0;
			defaultConfigurationName = Release;
		};
		B003A1541C2B434C0071E60A /* Build configuration list for PBXNativeTarget "PayPal Manual" */ = {
			isa = XCConfigurationList;
			buildConfigurations = (
				B003A1551C2B434C0071E60A /* Debug */,
				B003A1561C2B434C0071E60A /* Release */,
			);
			defaultConfigurationIsVisible = 0;
		};
/* End XCConfigurationList section */

/* Begin XCVersionGroup section */
		B003A1491C2B434C0071E60A /* PayPal_Manual.xcdatamodeld */ = {
			isa = XCVersionGroup;
			children = (
				B003A14A1C2B434C0071E60A /* PayPal_Manual.xcdatamodel */,
			);
			currentVersion = B003A14A1C2B434C0071E60A /* PayPal_Manual.xcdatamodel */;
			path = PayPal_Manual.xcdatamodeld;
			sourceTree = "<group>";
			versionGroupType = wrapper.xcdatamodel;
		};
/* End XCVersionGroup section */
	};
	rootObject = B003A1321C2B434C0071E60A /* Project object */;
}
